
Microsoft Visual Studio Solution File, Format Version 12.00
# Visual Studio Version 17
VisualStudioVersion = 17.8.34511.84
MinimumVisualStudioVersion = 10.0.40219.1
Project("{FAE04EC0-301F-11D3-BF4B-00C04F79EFBC}") = "PM2E16018", "PM2E16018\PM2E16018.csproj", "{EA7831E1-7FD2-4DFE-A3FC-4336AA751A05}"
EndProject
Global
	GlobalSection(SolutionConfigurationPlatforms) = preSolution
		Debug|Any CPU = Debug|Any CPU
		Release|Any CPU = Release|Any CPU
	EndGlobalSection
	GlobalSection(ProjectConfigurationPlatforms) = postSolution
		{EA7831E1-7FD2-4DFE-A3FC-4336AA751A05}.Debug|Any CPU.ActiveCfg = Debug|Any CPU
		{EA7831E1-7FD2-4DFE-A3FC-4336AA751A05}.Debug|Any CPU.Build.0 = Debug|Any CPU
		{EA7831E1-7FD2-4DFE-A3FC-4336AA751A05}.Debug|Any CPU.Deploy.0 = Debug|Any CPU
		{EA7831E1-7FD2-4DFE-A3FC-4336AA751A05}.Release|Any CPU.ActiveCfg = Release|Any CPU
		{EA7831E1-7FD2-4DFE-A3FC-4336AA751A05}.Release|Any CPU.Build.0 = Release|Any CPU
		{EA7831E1-7FD2-4DFE-A3FC-4336AA751A05}.Release|Any CPU.Deploy.0 = Release|Any CPU
	EndGlobalSection
	GlobalSection(SolutionProperties) = preSolution
		HideSolutionNode = FALSE
	EndGlobalSection
	GlobalSection(ExtensibilityGlobals) = postSolution
		SolutionGuid = {BE7DC47D-3D7D-4FD9-B165-4A288B3BEF19}
	EndGlobalSection
EndGlobal
